// !$*UTF8*$!
{
	archiveVersion = 1;
	classes = {
	};
	objectVersion = 45;
	objects = {

/* Begin PBXBuildFile section */
		1D60589F0D05DD5A006BFB54 /* Foundation.framework in Frameworks */ = {isa = PBXBuildFile; fileRef = 1D30AB110D05D00D00671497 /* Foundation.framework */; };
		1DF5F4E00D08C38300B7A737 /* UIKit.framework in Frameworks */ = {isa = PBXBuildFile; fileRef = 1DF5F4DF0D08C38300B7A737 /* UIKit.framework */; };
		288765080DF74369002DB57D /* CoreGraphics.framework in Frameworks */ = {isa = PBXBuildFile; fileRef = 288765070DF74369002DB57D /* CoreGraphics.framework */; };
		CD1087891323D83F00E83543 /* GtpClient.mm in Sources */ = {isa = PBXBuildFile; fileRef = CD1087871323D83F00E83543 /* GtpClient.mm */; };
		CD1087A51324344C00E83543 /* GtpEngine.mm in Sources */ = {isa = PBXBuildFile; fileRef = CD1087A41324344C00E83543 /* GtpEngine.mm */; };
		CD108812132559DE00E83543 /* GtpCommand.m in Sources */ = {isa = PBXBuildFile; fileRef = CD108811132559DE00E83543 /* GtpCommand.m */; };
		CD108815132559EA00E83543 /* GtpResponse.m in Sources */ = {isa = PBXBuildFile; fileRef = CD108814132559EA00E83543 /* GtpResponse.m */; };
		CD10881913255A4000E83543 /* GoBoard.m in Sources */ = {isa = PBXBuildFile; fileRef = CD10881813255A4000E83543 /* GoBoard.m */; };
		CD10881C13255A4700E83543 /* GoGame.m in Sources */ = {isa = PBXBuildFile; fileRef = CD10881B13255A4700E83543 /* GoGame.m */; };
		CD10881F13255A6100E83543 /* GoMove.m in Sources */ = {isa = PBXBuildFile; fileRef = CD10881E13255A6100E83543 /* GoMove.m */; };
		CD10882213255A6B00E83543 /* GoPlayer.m in Sources */ = {isa = PBXBuildFile; fileRef = CD10882113255A6B00E83543 /* GoPlayer.m */; };
		CD10882513255AA600E83543 /* GoPoint.m in Sources */ = {isa = PBXBuildFile; fileRef = CD10882413255AA600E83543 /* GoPoint.m */; };
		CD1088611326CD2400E83543 /* PlayViewController.m in Sources */ = {isa = PBXBuildFile; fileRef = CD1088601326CD2400E83543 /* PlayViewController.m */; };
		CD1088631326CDAA00E83543 /* PlayView.xib in Resources */ = {isa = PBXBuildFile; fileRef = CD1088621326CDAA00E83543 /* PlayView.xib */; };
		CD10887D1326D2C100E83543 /* PlayView.m in Sources */ = {isa = PBXBuildFile; fileRef = CD10887C1326D2C100E83543 /* PlayView.m */; };
		CD78034D132FE6D300E7843F /* DebugViewController.m in Sources */ = {isa = PBXBuildFile; fileRef = CD78034C132FE6D300E7843F /* DebugViewController.m */; };
		CD78034F132FE6E100E7843F /* ApplicationDelegate.mm in Sources */ = {isa = PBXBuildFile; fileRef = CD78034E132FE6E100E7843F /* ApplicationDelegate.mm */; };
		CD8A43C713318409009F3C7F /* book.dat in Resources */ = {isa = PBXBuildFile; fileRef = CD8A43C613318409009F3C7F /* book.dat */; };
		CDA264AC132CF7EF00FAFC51 /* Constants.m in Sources */ = {isa = PBXBuildFile; fileRef = CDA264AB132CF7EF00FAFC51 /* Constants.m */; };
		CDBB035B133537C8007C1C3E /* GoBoardRegion.m in Sources */ = {isa = PBXBuildFile; fileRef = CDBB035A133537C8007C1C3E /* GoBoardRegion.m */; };
		CDBB039B133573CC007C1C3E /* GoVertex.m in Sources */ = {isa = PBXBuildFile; fileRef = CDBB039A133573CC007C1C3E /* GoVertex.m */; };
		CDEC283412F477360069F5B7 /* main.m in Sources */ = {isa = PBXBuildFile; fileRef = CDEC283112F477360069F5B7 /* main.m */; };
		CDEC28AA12F4A2BB0069F5B7 /* DebugView.xib in Resources */ = {isa = PBXBuildFile; fileRef = CDEC28A712F4A2BB0069F5B7 /* DebugView.xib */; };
		CDEC28AB12F4A2BB0069F5B7 /* MainWindow.xib in Resources */ = {isa = PBXBuildFile; fileRef = CDEC28A812F4A2BB0069F5B7 /* MainWindow.xib */; };
/* End PBXBuildFile section */

/* Begin PBXFileReference section */
		1D30AB110D05D00D00671497 /* Foundation.framework */ = {isa = PBXFileReference; lastKnownFileType = wrapper.framework; name = Foundation.framework; path = System/Library/Frameworks/Foundation.framework; sourceTree = SDKROOT; };
		1D6058910D05DD3D006BFB54 /* Little Go.app */ = {isa = PBXFileReference; explicitFileType = wrapper.application; includeInIndex = 0; path = "Little Go.app"; sourceTree = BUILT_PRODUCTS_DIR; };
		1DF5F4DF0D08C38300B7A737 /* UIKit.framework */ = {isa = PBXFileReference; lastKnownFileType = wrapper.framework; name = UIKit.framework; path = System/Library/Frameworks/UIKit.framework; sourceTree = SDKROOT; };
		288765070DF74369002DB57D /* CoreGraphics.framework */ = {isa = PBXFileReference; lastKnownFileType = wrapper.framework; name = CoreGraphics.framework; path = System/Library/Frameworks/CoreGraphics.framework; sourceTree = SDKROOT; };
		CD1087701323D07800E83543 /* LICENSE */ = {isa = PBXFileReference; fileEncoding = 4; lastKnownFileType = text; path = LICENSE; sourceTree = "<group>"; };
		CD1087711323D07800E83543 /* NOTICE */ = {isa = PBXFileReference; fileEncoding = 4; lastKnownFileType = text; path = NOTICE; sourceTree = "<group>"; };
		CD1087871323D83F00E83543 /* GtpClient.mm */ = {isa = PBXFileReference; fileEncoding = 4; lastKnownFileType = sourcecode.cpp.objcpp; path = GtpClient.mm; sourceTree = "<group>"; };
		CD1087881323D83F00E83543 /* GtpClient.h */ = {isa = PBXFileReference; fileEncoding = 4; lastKnownFileType = sourcecode.c.h; path = GtpClient.h; sourceTree = "<group>"; };
		CD1087A31324344C00E83543 /* GtpEngine.h */ = {isa = PBXFileReference; fileEncoding = 4; lastKnownFileType = sourcecode.c.h; path = GtpEngine.h; sourceTree = "<group>"; };
		CD1087A41324344C00E83543 /* GtpEngine.mm */ = {isa = PBXFileReference; fileEncoding = 4; lastKnownFileType = sourcecode.cpp.objcpp; path = GtpEngine.mm; sourceTree = "<group>"; };
		CD108810132559DE00E83543 /* GtpCommand.h */ = {isa = PBXFileReference; fileEncoding = 4; lastKnownFileType = sourcecode.c.h; path = GtpCommand.h; sourceTree = "<group>"; };
		CD108811132559DE00E83543 /* GtpCommand.m */ = {isa = PBXFileReference; fileEncoding = 4; lastKnownFileType = sourcecode.c.objc; path = GtpCommand.m; sourceTree = "<group>"; };
		CD108813132559EA00E83543 /* GtpResponse.h */ = {isa = PBXFileReference; fileEncoding = 4; lastKnownFileType = sourcecode.c.h; path = GtpResponse.h; sourceTree = "<group>"; };
		CD108814132559EA00E83543 /* GtpResponse.m */ = {isa = PBXFileReference; fileEncoding = 4; lastKnownFileType = sourcecode.c.objc; path = GtpResponse.m; sourceTree = "<group>"; };
		CD10881713255A4000E83543 /* GoBoard.h */ = {isa = PBXFileReference; fileEncoding = 4; lastKnownFileType = sourcecode.c.h; path = GoBoard.h; sourceTree = "<group>"; };
		CD10881813255A4000E83543 /* GoBoard.m */ = {isa = PBXFileReference; fileEncoding = 4; lastKnownFileType = sourcecode.c.objc; path = GoBoard.m; sourceTree = "<group>"; };
		CD10881A13255A4700E83543 /* GoGame.h */ = {isa = PBXFileReference; fileEncoding = 4; lastKnownFileType = sourcecode.c.h; path = GoGame.h; sourceTree = "<group>"; };
		CD10881B13255A4700E83543 /* GoGame.m */ = {isa = PBXFileReference; fileEncoding = 4; lastKnownFileType = sourcecode.c.objc; path = GoGame.m; sourceTree = "<group>"; };
		CD10881D13255A6100E83543 /* GoMove.h */ = {isa = PBXFileReference; fileEncoding = 4; lastKnownFileType = sourcecode.c.h; path = GoMove.h; sourceTree = "<group>"; };
		CD10881E13255A6100E83543 /* GoMove.m */ = {isa = PBXFileReference; fileEncoding = 4; lastKnownFileType = sourcecode.c.objc; path = GoMove.m; sourceTree = "<group>"; };
		CD10882013255A6B00E83543 /* GoPlayer.h */ = {isa = PBXFileReference; fileEncoding = 4; lastKnownFileType = sourcecode.c.h; path = GoPlayer.h; sourceTree = "<group>"; };
		CD10882113255A6B00E83543 /* GoPlayer.m */ = {isa = PBXFileReference; fileEncoding = 4; lastKnownFileType = sourcecode.c.objc; path = GoPlayer.m; sourceTree = "<group>"; };
		CD10882313255AA600E83543 /* GoPoint.h */ = {isa = PBXFileReference; fileEncoding = 4; lastKnownFileType = sourcecode.c.h; path = GoPoint.h; sourceTree = "<group>"; };
		CD10882413255AA600E83543 /* GoPoint.m */ = {isa = PBXFileReference; fileEncoding = 4; lastKnownFileType = sourcecode.c.objc; path = GoPoint.m; sourceTree = "<group>"; };
		CD10885C1326CCEB00E83543 /* DebugViewController.h */ = {isa = PBXFileReference; fileEncoding = 4; lastKnownFileType = sourcecode.c.h; path = DebugViewController.h; sourceTree = "<group>"; };
		CD10885F1326CD2400E83543 /* PlayViewController.h */ = {isa = PBXFileReference; fileEncoding = 4; lastKnownFileType = sourcecode.c.h; path = PlayViewController.h; sourceTree = "<group>"; };
		CD1088601326CD2400E83543 /* PlayViewController.m */ = {isa = PBXFileReference; fileEncoding = 4; lastKnownFileType = sourcecode.c.objc; path = PlayViewController.m; sourceTree = "<group>"; };
		CD1088621326CDAA00E83543 /* PlayView.xib */ = {isa = PBXFileReference; lastKnownFileType = file.xib; path = PlayView.xib; sourceTree = "<group>"; };
		CD10887B1326D2C100E83543 /* PlayView.h */ = {isa = PBXFileReference; fileEncoding = 4; lastKnownFileType = sourcecode.c.h; path = PlayView.h; sourceTree = "<group>"; };
		CD10887C1326D2C100E83543 /* PlayView.m */ = {isa = PBXFileReference; fileEncoding = 4; lastKnownFileType = sourcecode.c.objc; path = PlayView.m; sourceTree = "<group>"; };
		CD78034C132FE6D300E7843F /* DebugViewController.m */ = {isa = PBXFileReference; fileEncoding = 4; lastKnownFileType = sourcecode.c.objc; path = DebugViewController.m; sourceTree = "<group>"; };
		CD78034E132FE6E100E7843F /* ApplicationDelegate.mm */ = {isa = PBXFileReference; fileEncoding = 4; lastKnownFileType = sourcecode.cpp.objcpp; path = ApplicationDelegate.mm; sourceTree = "<group>"; };
		CD8A43C613318409009F3C7F /* book.dat */ = {isa = PBXFileReference; fileEncoding = 4; lastKnownFileType = text; name = book.dat; path = 3rdparty/install/Developer/Platforms/iPhoneOS.platform/Developer/SDKs/iPhoneOS4.2.sdk/share/fuego/book.dat; sourceTree = SOURCE_ROOT; };
		CDA264AA132CF7EF00FAFC51 /* Constants.h */ = {isa = PBXFileReference; fileEncoding = 4; lastKnownFileType = sourcecode.c.h; path = Constants.h; sourceTree = "<group>"; };
		CDA264AB132CF7EF00FAFC51 /* Constants.m */ = {isa = PBXFileReference; fileEncoding = 4; lastKnownFileType = sourcecode.c.objc; path = Constants.m; sourceTree = "<group>"; };
		CDBB0359133537C8007C1C3E /* GoBoardRegion.h */ = {isa = PBXFileReference; fileEncoding = 4; lastKnownFileType = sourcecode.c.h; path = GoBoardRegion.h; sourceTree = "<group>"; };
		CDBB035A133537C8007C1C3E /* GoBoardRegion.m */ = {isa = PBXFileReference; fileEncoding = 4; lastKnownFileType = sourcecode.c.objc; path = GoBoardRegion.m; sourceTree = "<group>"; };
		CDBB0399133573CC007C1C3E /* GoVertex.h */ = {isa = PBXFileReference; fileEncoding = 4; lastKnownFileType = sourcecode.c.h; path = GoVertex.h; sourceTree = "<group>"; };
		CDBB039A133573CC007C1C3E /* GoVertex.m */ = {isa = PBXFileReference; fileEncoding = 4; lastKnownFileType = sourcecode.c.objc; path = GoVertex.m; sourceTree = "<group>"; };
		CDE3F584131147D800EC16CC /* build-boost.sh */ = {isa = PBXFileReference; fileEncoding = 4; lastKnownFileType = text.script.sh; path = "build-boost.sh"; sourceTree = "<group>"; };
		CDE3F585131147D800EC16CC /* build-fuego.sh */ = {isa = PBXFileReference; fileEncoding = 4; lastKnownFileType = text.script.sh; path = "build-fuego.sh"; sourceTree = "<group>"; };
		CDE3F58E13117E3100EC16CC /* build-software.sh */ = {isa = PBXFileReference; fileEncoding = 4; lastKnownFileType = text.script.sh; path = "build-software.sh"; sourceTree = "<group>"; };
		CDE3F58F13117EFE00EC16CC /* build-env.sh */ = {isa = PBXFileReference; fileEncoding = 4; lastKnownFileType = text.script.sh; path = "build-env.sh"; sourceTree = "<group>"; };
		CDEC282E12F477360069F5B7 /* Prefix.pch */ = {isa = PBXFileReference; fileEncoding = 4; lastKnownFileType = sourcecode.c.h; path = Prefix.pch; sourceTree = "<group>"; };
		CDEC282F12F477360069F5B7 /* ApplicationDelegate.h */ = {isa = PBXFileReference; fileEncoding = 4; lastKnownFileType = sourcecode.c.h; path = ApplicationDelegate.h; sourceTree = "<group>"; };
		CDEC283112F477360069F5B7 /* main.m */ = {isa = PBXFileReference; fileEncoding = 4; lastKnownFileType = sourcecode.c.objc; path = main.m; sourceTree = "<group>"; };
		CDEC287C12F477E70069F5B7 /* ChangeLog */ = {isa = PBXFileReference; fileEncoding = 4; lastKnownFileType = text; path = ChangeLog; sourceTree = "<group>"; };
		CDEC287D12F477E70069F5B7 /* INSTALL */ = {isa = PBXFileReference; fileEncoding = 4; lastKnownFileType = text; path = INSTALL; sourceTree = "<group>"; };
		CDEC287F12F477E70069F5B7 /* MANUAL */ = {isa = PBXFileReference; fileEncoding = 4; lastKnownFileType = text; path = MANUAL; sourceTree = "<group>"; };
		CDEC288012F477E70069F5B7 /* README */ = {isa = PBXFileReference; fileEncoding = 4; lastKnownFileType = text; path = README; sourceTree = "<group>"; };
		CDEC288112F477E70069F5B7 /* README.developer */ = {isa = PBXFileReference; fileEncoding = 4; lastKnownFileType = text; path = README.developer; sourceTree = "<group>"; };
		CDEC288212F477E70069F5B7 /* ReleaseSteps */ = {isa = PBXFileReference; fileEncoding = 4; lastKnownFileType = text; path = ReleaseSteps; sourceTree = "<group>"; };
		CDEC288312F477E70069F5B7 /* Research */ = {isa = PBXFileReference; fileEncoding = 4; lastKnownFileType = text; path = Research; sourceTree = "<group>"; };
		CDEC288412F477E70069F5B7 /* Roadmap */ = {isa = PBXFileReference; fileEncoding = 4; lastKnownFileType = text; path = Roadmap; sourceTree = "<group>"; };
		CDEC288512F477E70069F5B7 /* TODO */ = {isa = PBXFileReference; fileEncoding = 4; lastKnownFileType = text; path = TODO; sourceTree = "<group>"; };
		CDEC28A712F4A2BB0069F5B7 /* DebugView.xib */ = {isa = PBXFileReference; lastKnownFileType = file.xib; path = DebugView.xib; sourceTree = "<group>"; };
		CDEC28A812F4A2BB0069F5B7 /* MainWindow.xib */ = {isa = PBXFileReference; lastKnownFileType = file.xib; path = MainWindow.xib; sourceTree = "<group>"; };
		CDEC28AD12F4A3500069F5B7 /* Info.plist */ = {isa = PBXFileReference; fileEncoding = 4; lastKnownFileType = text.plist.xml; path = Info.plist; sourceTree = "<group>"; };
		CDEC28B212F55F270069F5B7 /* get-and-build-3rdparty-software.sh */ = {isa = PBXFileReference; fileEncoding = 4; lastKnownFileType = text.script.sh; path = "get-and-build-3rdparty-software.sh"; sourceTree = "<group>"; };
/* End PBXFileReference section */

/* Begin PBXFrameworksBuildPhase section */
		1D60588F0D05DD3D006BFB54 /* Frameworks */ = {
			isa = PBXFrameworksBuildPhase;
			buildActionMask = 2147483647;
			files = (
				1D60589F0D05DD5A006BFB54 /* Foundation.framework in Frameworks */,
				1DF5F4E00D08C38300B7A737 /* UIKit.framework in Frameworks */,
				288765080DF74369002DB57D /* CoreGraphics.framework in Frameworks */,
			);
			runOnlyForDeploymentPostprocessing = 0;
		};
/* End PBXFrameworksBuildPhase section */

/* Begin PBXGroup section */
		19C28FACFE9D520D11CA2CBB /* Products */ = {
			isa = PBXGroup;
			children = (
				1D6058910D05DD3D006BFB54 /* Little Go.app */,
			);
			name = Products;
			sourceTree = "<group>";
		};
		29B97314FDCFA39411CA2CEA /* Little Go */ = {
			isa = PBXGroup;
			children = (
				CD1087701323D07800E83543 /* LICENSE */,
				CD1087711323D07800E83543 /* NOTICE */,
				CD4A83BC12F5BFBB007E1A67 /* 3rdparty */,
				CDEC28B112F55F270069F5B7 /* script */,
				CDEC282B12F477360069F5B7 /* src */,
				CDEC28A612F4A2BB0069F5B7 /* resource */,
				CDEC287B12F477E70069F5B7 /* doc */,
				29B97323FDCFA39411CA2CEA /* Frameworks */,
				19C28FACFE9D520D11CA2CBB /* Products */,
			);
			name = "Little Go";
			sourceTree = "<group>";
		};
		29B97323FDCFA39411CA2CEA /* Frameworks */ = {
			isa = PBXGroup;
			children = (
				1DF5F4DF0D08C38300B7A737 /* UIKit.framework */,
				1D30AB110D05D00D00671497 /* Foundation.framework */,
				288765070DF74369002DB57D /* CoreGraphics.framework */,
			);
			name = Frameworks;
			sourceTree = "<group>";
		};
		CD1087861323D83F00E83543 /* gtp */ = {
			isa = PBXGroup;
			children = (
				CD1087881323D83F00E83543 /* GtpClient.h */,
				CD1087871323D83F00E83543 /* GtpClient.mm */,
				CD1087A31324344C00E83543 /* GtpEngine.h */,
				CD1087A41324344C00E83543 /* GtpEngine.mm */,
				CD108810132559DE00E83543 /* GtpCommand.h */,
				CD108811132559DE00E83543 /* GtpCommand.m */,
				CD108813132559EA00E83543 /* GtpResponse.h */,
				CD108814132559EA00E83543 /* GtpResponse.m */,
			);
			path = gtp;
			sourceTree = "<group>";
		};
		CD10881613255A1A00E83543 /* go */ = {
			isa = PBXGroup;
			children = (
				CD10881713255A4000E83543 /* GoBoard.h */,
				CD10881813255A4000E83543 /* GoBoard.m */,
				CDBB0359133537C8007C1C3E /* GoBoardRegion.h */,
				CDBB035A133537C8007C1C3E /* GoBoardRegion.m */,
				CD10881A13255A4700E83543 /* GoGame.h */,
				CD10881B13255A4700E83543 /* GoGame.m */,
				CD10881D13255A6100E83543 /* GoMove.h */,
				CD10881E13255A6100E83543 /* GoMove.m */,
				CD10882013255A6B00E83543 /* GoPlayer.h */,
				CD10882113255A6B00E83543 /* GoPlayer.m */,
				CD10882313255AA600E83543 /* GoPoint.h */,
				CD10882413255AA600E83543 /* GoPoint.m */,
				CDBB0399133573CC007C1C3E /* GoVertex.h */,
				CDBB039A133573CC007C1C3E /* GoVertex.m */,
			);
			path = go;
			sourceTree = "<group>";
		};
		CD1088551326CBB300E83543 /* debug */ = {
			isa = PBXGroup;
			children = (
				CD78034C132FE6D300E7843F /* DebugViewController.m */,
				CD10885C1326CCEB00E83543 /* DebugViewController.h */,
			);
			path = debug;
			sourceTree = "<group>";
		};
		CD1088561326CBB300E83543 /* play */ = {
			isa = PBXGroup;
			children = (
				CD10885F1326CD2400E83543 /* PlayViewController.h */,
				CD1088601326CD2400E83543 /* PlayViewController.m */,
				CD10887B1326D2C100E83543 /* PlayView.h */,
				CD10887C1326D2C100E83543 /* PlayView.m */,
			);
			path = play;
			sourceTree = "<group>";
		};
		CD1088571326CBB300E83543 /* settings */ = {
			isa = PBXGroup;
			children = (
			);
			path = settings;
			sourceTree = "<group>";
		};
		CD4A83BC12F5BFBB007E1A67 /* 3rdparty */ = {
			isa = PBXGroup;
			children = (
			);
			name = 3rdparty;
			sourceTree = "<group>";
		};
		CDEC282B12F477360069F5B7 /* src */ = {
			isa = PBXGroup;
			children = (
				CD1088561326CBB300E83543 /* play */,
				CD1088571326CBB300E83543 /* settings */,
				CD1088551326CBB300E83543 /* debug */,
				CD10881613255A1A00E83543 /* go */,
				CD1087861323D83F00E83543 /* gtp */,
				CDA264AA132CF7EF00FAFC51 /* Constants.h */,
				CDA264AB132CF7EF00FAFC51 /* Constants.m */,
				CDEC282E12F477360069F5B7 /* Prefix.pch */,
				CD78034E132FE6E100E7843F /* ApplicationDelegate.mm */,
				CDEC282F12F477360069F5B7 /* ApplicationDelegate.h */,
				CDEC283112F477360069F5B7 /* main.m */,
			);
			path = src;
			sourceTree = "<group>";
		};
		CDEC287B12F477E70069F5B7 /* doc */ = {
			isa = PBXGroup;
			children = (
				CDEC287C12F477E70069F5B7 /* ChangeLog */,
				CDEC287D12F477E70069F5B7 /* INSTALL */,
				CDEC287F12F477E70069F5B7 /* MANUAL */,
				CDEC288012F477E70069F5B7 /* README */,
				CDEC288112F477E70069F5B7 /* README.developer */,
				CDEC288212F477E70069F5B7 /* ReleaseSteps */,
				CDEC288312F477E70069F5B7 /* Research */,
				CDEC288412F477E70069F5B7 /* Roadmap */,
				CDEC288512F477E70069F5B7 /* TODO */,
			);
			path = doc;
			sourceTree = "<group>";
		};
		CDEC28A612F4A2BB0069F5B7 /* resource */ = {
			isa = PBXGroup;
			children = (
				CD8A43C613318409009F3C7F /* book.dat */,
				CD1088621326CDAA00E83543 /* PlayView.xib */,
				CDEC28AD12F4A3500069F5B7 /* Info.plist */,
				CDEC28A712F4A2BB0069F5B7 /* DebugView.xib */,
				CDEC28A812F4A2BB0069F5B7 /* MainWindow.xib */,
			);
			path = resource;
			sourceTree = "<group>";
		};
		CDEC28B112F55F270069F5B7 /* script */ = {
			isa = PBXGroup;
			children = (
				CDE3F58F13117EFE00EC16CC /* build-env.sh */,
				CDE3F58E13117E3100EC16CC /* build-software.sh */,
				CDE3F584131147D800EC16CC /* build-boost.sh */,
				CDE3F585131147D800EC16CC /* build-fuego.sh */,
				CDEC28B212F55F270069F5B7 /* get-and-build-3rdparty-software.sh */,
			);
			path = script;
			sourceTree = "<group>";
		};
/* End PBXGroup section */

/* Begin PBXNativeTarget section */
		1D6058900D05DD3D006BFB54 /* Little Go */ = {
			isa = PBXNativeTarget;
			buildConfigurationList = 1D6058960D05DD3E006BFB54 /* Build configuration list for PBXNativeTarget "Little Go" */;
			buildPhases = (
				1D60588D0D05DD3D006BFB54 /* Resources */,
				1D60588E0D05DD3D006BFB54 /* Sources */,
				1D60588F0D05DD3D006BFB54 /* Frameworks */,
			);
			buildRules = (
			);
			dependencies = (
			);
			name = "Little Go";
			productName = "Little Go";
			productReference = 1D6058910D05DD3D006BFB54 /* Little Go.app */;
			productType = "com.apple.product-type.application";
		};
/* End PBXNativeTarget section */

/* Begin PBXProject section */
		29B97313FDCFA39411CA2CEA /* Project object */ = {
			isa = PBXProject;
			buildConfigurationList = C01FCF4E08A954540054247B /* Build configuration list for PBXProject "Little Go" */;
			compatibilityVersion = "Xcode 3.1";
			developmentRegion = English;
			hasScannedForEncodings = 1;
			knownRegions = (
				English,
				Japanese,
				French,
				German,
			);
			mainGroup = 29B97314FDCFA39411CA2CEA /* Little Go */;
			projectDirPath = "";
			projectRoot = "";
			targets = (
				1D6058900D05DD3D006BFB54 /* Little Go */,
			);
		};
/* End PBXProject section */

/* Begin PBXResourcesBuildPhase section */
		1D60588D0D05DD3D006BFB54 /* Resources */ = {
			isa = PBXResourcesBuildPhase;
			buildActionMask = 2147483647;
			files = (
				CDEC28AA12F4A2BB0069F5B7 /* DebugView.xib in Resources */,
				CDEC28AB12F4A2BB0069F5B7 /* MainWindow.xib in Resources */,
				CD1088631326CDAA00E83543 /* PlayView.xib in Resources */,
				CD8A43C713318409009F3C7F /* book.dat in Resources */,
			);
			runOnlyForDeploymentPostprocessing = 0;
		};
/* End PBXResourcesBuildPhase section */

/* Begin PBXSourcesBuildPhase section */
		1D60588E0D05DD3D006BFB54 /* Sources */ = {
			isa = PBXSourcesBuildPhase;
			buildActionMask = 2147483647;
			files = (
				CDEC283412F477360069F5B7 /* main.m in Sources */,
				CD1087891323D83F00E83543 /* GtpClient.mm in Sources */,
				CD1087A51324344C00E83543 /* GtpEngine.mm in Sources */,
				CD108812132559DE00E83543 /* GtpCommand.m in Sources */,
				CD108815132559EA00E83543 /* GtpResponse.m in Sources */,
				CD10881913255A4000E83543 /* GoBoard.m in Sources */,
				CD10881C13255A4700E83543 /* GoGame.m in Sources */,
				CD10881F13255A6100E83543 /* GoMove.m in Sources */,
				CD10882213255A6B00E83543 /* GoPlayer.m in Sources */,
				CD10882513255AA600E83543 /* GoPoint.m in Sources */,
				CD1088611326CD2400E83543 /* PlayViewController.m in Sources */,
				CD10887D1326D2C100E83543 /* PlayView.m in Sources */,
				CDA264AC132CF7EF00FAFC51 /* Constants.m in Sources */,
				CD78034D132FE6D300E7843F /* DebugViewController.m in Sources */,
				CD78034F132FE6E100E7843F /* ApplicationDelegate.mm in Sources */,
				CDBB035B133537C8007C1C3E /* GoBoardRegion.m in Sources */,
				CDBB039B133573CC007C1C3E /* GoVertex.m in Sources */,
			);
			runOnlyForDeploymentPostprocessing = 0;
		};
/* End PBXSourcesBuildPhase section */

/* Begin XCBuildConfiguration section */
		1D6058940D05DD3E006BFB54 /* Debug */ = {
			isa = XCBuildConfiguration;
			buildSettings = {
				ALWAYS_SEARCH_USER_PATHS = NO;
				COPY_PHASE_STRIP = NO;
				GCC_DYNAMIC_NO_PIC = NO;
				GCC_OPTIMIZATION_LEVEL = 0;
				GCC_PRECOMPILE_PREFIX_HEADER = YES;
				GCC_PREFIX_HEADER = src/Prefix.pch;
				GCC_PREPROCESSOR_DEFINITIONS = NDEBUG;
				HEADER_SEARCH_PATHS = "./3rdparty/install$(SDKROOT)/include";
				INFOPLIST_FILE = resource/Info.plist;
				LIBRARY_SEARCH_PATHS = "./3rdparty/install$(SDKROOT)/lib";
				OTHER_LDFLAGS = (
					"-lfuego",
					"-lboost_system",
					"-lboost_thread",
					"-lboost_filesystem",
					"-lboost_program_options",
				);
				PRODUCT_NAME = "Little Go";
			};
			name = Debug;
		};
		1D6058950D05DD3E006BFB54 /* Release */ = {
			isa = XCBuildConfiguration;
			buildSettings = {
				ALWAYS_SEARCH_USER_PATHS = NO;
				COPY_PHASE_STRIP = YES;
				GCC_PRECOMPILE_PREFIX_HEADER = YES;
				GCC_PREFIX_HEADER = src/Prefix.pch;
				GCC_PREPROCESSOR_DEFINITIONS = NDEBUG;
				HEADER_SEARCH_PATHS = "./3rdparty/install$(SDKROOT)/include";
				INFOPLIST_FILE = resource/Info.plist;
				LIBRARY_SEARCH_PATHS = "./3rdparty/install$(SDKROOT)/lib";
				OTHER_LDFLAGS = (
					"-lfuego",
					"-lboost_system",
					"-lboost_thread",
					"-lboost_filesystem",
					"-lboost_program_options",
				);
				PRODUCT_NAME = "Little Go";
				VALIDATE_PRODUCT = YES;
			};
			name = Release;
		};
		C01FCF4F08A954540054247B /* Debug */ = {
			isa = XCBuildConfiguration;
			buildSettings = {
				ARCHS = "$(ARCHS_STANDARD_32_BIT)";
				"CODE_SIGN_IDENTITY[sdk=iphoneos*]" = "iPhone Developer";
				GCC_C_LANGUAGE_STANDARD = c99;
				GCC_WARN_ABOUT_RETURN_TYPE = YES;
				GCC_WARN_UNUSED_VARIABLE = YES;
				PREBINDING = NO;
				SDKROOT = iphoneos;
			};
			name = Debug;
		};
		C01FCF5008A954540054247B /* Release */ = {
			isa = XCBuildConfiguration;
			buildSettings = {
				ARCHS = "$(ARCHS_STANDARD_32_BIT)";
				"CODE_SIGN_IDENTITY[sdk=iphoneos*]" = "iPhone Developer";
				GCC_C_LANGUAGE_STANDARD = c99;
				GCC_WARN_ABOUT_RETURN_TYPE = YES;
				GCC_WARN_UNUSED_VARIABLE = YES;
				OTHER_CFLAGS = "-DNS_BLOCK_ASSERTIONS=1";
				PREBINDING = NO;
				SDKROOT = iphoneos;
			};
			name = Release;
		};
/* End XCBuildConfiguration section */

/* Begin XCConfigurationList section */
		1D6058960D05DD3E006BFB54 /* Build configuration list for PBXNativeTarget "Little Go" */ = {
			isa = XCConfigurationList;
			buildConfigurations = (
				1D6058940D05DD3E006BFB54 /* Debug */,
				1D6058950D05DD3E006BFB54 /* Release */,
			);
			defaultConfigurationIsVisible = 0;
			defaultConfigurationName = Release;
		};
		C01FCF4E08A954540054247B /* Build configuration list for PBXProject "Little Go" */ = {
			isa = XCConfigurationList;
			buildConfigurations = (
				C01FCF4F08A954540054247B /* Debug */,
				C01FCF5008A954540054247B /* Release */,
			);
			defaultConfigurationIsVisible = 0;
			defaultConfigurationName = Release;
		};
/* End XCConfigurationList section */
	};
	rootObject = 29B97313FDCFA39411CA2CEA /* Project object */;
}
