// !$*UTF8*$!
{
	archiveVersion = 1;
	classes = {
	};
	objectVersion = 45;
	objects = {

/* Begin PBXBuildFile section */
		1D60589F0D05DD5A006BFB54 /* Foundation.framework in Frameworks */ = {isa = PBXBuildFile; fileRef = 1D30AB110D05D00D00671497 /* Foundation.framework */; };
		1DF5F4E00D08C38300B7A737 /* UIKit.framework in Frameworks */ = {isa = PBXBuildFile; fileRef = 1DF5F4DF0D08C38300B7A737 /* UIKit.framework */; };
		288765080DF74369002DB57D /* CoreGraphics.framework in Frameworks */ = {isa = PBXBuildFile; fileRef = 288765070DF74369002DB57D /* CoreGraphics.framework */; };
		CDEC283212F477360069F5B7 /* FirstViewController.mm in Sources */ = {isa = PBXBuildFile; fileRef = CDEC282D12F477360069F5B7 /* FirstViewController.mm */; };
		CDEC283312F477360069F5B7 /* Little_GoAppDelegate.m in Sources */ = {isa = PBXBuildFile; fileRef = CDEC283012F477360069F5B7 /* Little_GoAppDelegate.m */; };
		CDEC283412F477360069F5B7 /* main.m in Sources */ = {isa = PBXBuildFile; fileRef = CDEC283112F477360069F5B7 /* main.m */; };
		CDEC28AA12F4A2BB0069F5B7 /* FirstView.xib in Resources */ = {isa = PBXBuildFile; fileRef = CDEC28A712F4A2BB0069F5B7 /* FirstView.xib */; };
		CDEC28AB12F4A2BB0069F5B7 /* MainWindow.xib in Resources */ = {isa = PBXBuildFile; fileRef = CDEC28A812F4A2BB0069F5B7 /* MainWindow.xib */; };
		CDEC28AC12F4A2BB0069F5B7 /* SecondView.xib in Resources */ = {isa = PBXBuildFile; fileRef = CDEC28A912F4A2BB0069F5B7 /* SecondView.xib */; };
/* End PBXBuildFile section */

/* Begin PBXFileReference section */
		1D30AB110D05D00D00671497 /* Foundation.framework */ = {isa = PBXFileReference; lastKnownFileType = wrapper.framework; name = Foundation.framework; path = System/Library/Frameworks/Foundation.framework; sourceTree = SDKROOT; };
		1D6058910D05DD3D006BFB54 /* Little Go.app */ = {isa = PBXFileReference; explicitFileType = wrapper.application; includeInIndex = 0; path = "Little Go.app"; sourceTree = BUILT_PRODUCTS_DIR; };
		1DF5F4DF0D08C38300B7A737 /* UIKit.framework */ = {isa = PBXFileReference; lastKnownFileType = wrapper.framework; name = UIKit.framework; path = System/Library/Frameworks/UIKit.framework; sourceTree = SDKROOT; };
		288765070DF74369002DB57D /* CoreGraphics.framework */ = {isa = PBXFileReference; lastKnownFileType = wrapper.framework; name = CoreGraphics.framework; path = System/Library/Frameworks/CoreGraphics.framework; sourceTree = SDKROOT; };
		CD1087701323D07800E83543 /* LICENSE */ = {isa = PBXFileReference; fileEncoding = 4; lastKnownFileType = text; path = LICENSE; sourceTree = "<group>"; };
		CD1087711323D07800E83543 /* NOTICE */ = {isa = PBXFileReference; fileEncoding = 4; lastKnownFileType = text; path = NOTICE; sourceTree = "<group>"; };
		CDE3F584131147D800EC16CC /* build-boost.sh */ = {isa = PBXFileReference; fileEncoding = 4; lastKnownFileType = text.script.sh; path = "build-boost.sh"; sourceTree = "<group>"; };
		CDE3F585131147D800EC16CC /* build-fuego.sh */ = {isa = PBXFileReference; fileEncoding = 4; lastKnownFileType = text.script.sh; path = "build-fuego.sh"; sourceTree = "<group>"; };
		CDE3F58E13117E3100EC16CC /* build-software.sh */ = {isa = PBXFileReference; fileEncoding = 4; lastKnownFileType = text.script.sh; path = "build-software.sh"; sourceTree = "<group>"; };
		CDE3F58F13117EFE00EC16CC /* build-env.sh */ = {isa = PBXFileReference; fileEncoding = 4; lastKnownFileType = text.script.sh; path = "build-env.sh"; sourceTree = "<group>"; };
		CDEC282C12F477360069F5B7 /* FirstViewController.h */ = {isa = PBXFileReference; fileEncoding = 4; lastKnownFileType = sourcecode.c.h; path = FirstViewController.h; sourceTree = "<group>"; };
		CDEC282D12F477360069F5B7 /* FirstViewController.mm */ = {isa = PBXFileReference; fileEncoding = 4; lastKnownFileType = sourcecode.cpp.objcpp; path = FirstViewController.mm; sourceTree = "<group>"; };
		CDEC282E12F477360069F5B7 /* Little_Go_Prefix.pch */ = {isa = PBXFileReference; fileEncoding = 4; lastKnownFileType = sourcecode.c.h; path = Little_Go_Prefix.pch; sourceTree = "<group>"; };
		CDEC282F12F477360069F5B7 /* Little_GoAppDelegate.h */ = {isa = PBXFileReference; fileEncoding = 4; lastKnownFileType = sourcecode.c.h; path = Little_GoAppDelegate.h; sourceTree = "<group>"; };
		CDEC283012F477360069F5B7 /* Little_GoAppDelegate.m */ = {isa = PBXFileReference; fileEncoding = 4; lastKnownFileType = sourcecode.c.objc; path = Little_GoAppDelegate.m; sourceTree = "<group>"; };
		CDEC283112F477360069F5B7 /* main.m */ = {isa = PBXFileReference; fileEncoding = 4; lastKnownFileType = sourcecode.c.objc; path = main.m; sourceTree = "<group>"; };
		CDEC287C12F477E70069F5B7 /* ChangeLog */ = {isa = PBXFileReference; fileEncoding = 4; lastKnownFileType = text; path = ChangeLog; sourceTree = "<group>"; };
		CDEC287D12F477E70069F5B7 /* INSTALL */ = {isa = PBXFileReference; fileEncoding = 4; lastKnownFileType = text; path = INSTALL; sourceTree = "<group>"; };
		CDEC287F12F477E70069F5B7 /* MANUAL */ = {isa = PBXFileReference; fileEncoding = 4; lastKnownFileType = text; path = MANUAL; sourceTree = "<group>"; };
		CDEC288012F477E70069F5B7 /* README */ = {isa = PBXFileReference; fileEncoding = 4; lastKnownFileType = text; path = README; sourceTree = "<group>"; };
		CDEC288112F477E70069F5B7 /* README.developer */ = {isa = PBXFileReference; fileEncoding = 4; lastKnownFileType = text; path = README.developer; sourceTree = "<group>"; };
		CDEC288212F477E70069F5B7 /* ReleaseSteps */ = {isa = PBXFileReference; fileEncoding = 4; lastKnownFileType = text; path = ReleaseSteps; sourceTree = "<group>"; };
		CDEC288312F477E70069F5B7 /* Research */ = {isa = PBXFileReference; fileEncoding = 4; lastKnownFileType = text; path = Research; sourceTree = "<group>"; };
		CDEC288412F477E70069F5B7 /* Roadmap */ = {isa = PBXFileReference; fileEncoding = 4; lastKnownFileType = text; path = Roadmap; sourceTree = "<group>"; };
		CDEC288512F477E70069F5B7 /* TODO */ = {isa = PBXFileReference; fileEncoding = 4; lastKnownFileType = text; path = TODO; sourceTree = "<group>"; };
		CDEC28A712F4A2BB0069F5B7 /* FirstView.xib */ = {isa = PBXFileReference; lastKnownFileType = file.xib; path = FirstView.xib; sourceTree = "<group>"; };
		CDEC28A812F4A2BB0069F5B7 /* MainWindow.xib */ = {isa = PBXFileReference; lastKnownFileType = file.xib; path = MainWindow.xib; sourceTree = "<group>"; };
		CDEC28A912F4A2BB0069F5B7 /* SecondView.xib */ = {isa = PBXFileReference; lastKnownFileType = file.xib; path = SecondView.xib; sourceTree = "<group>"; };
		CDEC28AD12F4A3500069F5B7 /* Little_Go-Info.plist */ = {isa = PBXFileReference; fileEncoding = 4; lastKnownFileType = text.plist.xml; path = "Little_Go-Info.plist"; sourceTree = "<group>"; };
		CDEC28B212F55F270069F5B7 /* get-and-build-3rdparty-software.sh */ = {isa = PBXFileReference; fileEncoding = 4; lastKnownFileType = text.script.sh; path = "get-and-build-3rdparty-software.sh"; sourceTree = "<group>"; };
/* End PBXFileReference section */

/* Begin PBXFrameworksBuildPhase section */
		1D60588F0D05DD3D006BFB54 /* Frameworks */ = {
			isa = PBXFrameworksBuildPhase;
			buildActionMask = 2147483647;
			files = (
				1D60589F0D05DD5A006BFB54 /* Foundation.framework in Frameworks */,
				1DF5F4E00D08C38300B7A737 /* UIKit.framework in Frameworks */,
				288765080DF74369002DB57D /* CoreGraphics.framework in Frameworks */,
			);
			runOnlyForDeploymentPostprocessing = 0;
		};
/* End PBXFrameworksBuildPhase section */

/* Begin PBXGroup section */
		19C28FACFE9D520D11CA2CBB /* Products */ = {
			isa = PBXGroup;
			children = (
				1D6058910D05DD3D006BFB54 /* Little Go.app */,
			);
			name = Products;
			sourceTree = "<group>";
		};
		29B97314FDCFA39411CA2CEA /* Little Go */ = {
			isa = PBXGroup;
			children = (
				CD1087701323D07800E83543 /* LICENSE */,
				CD1087711323D07800E83543 /* NOTICE */,
				CD4A83BC12F5BFBB007E1A67 /* 3rdparty */,
				CDEC28B112F55F270069F5B7 /* script */,
				CDEC282B12F477360069F5B7 /* src */,
				CDEC28A612F4A2BB0069F5B7 /* resource */,
				CDEC287B12F477E70069F5B7 /* doc */,
				29B97323FDCFA39411CA2CEA /* Frameworks */,
				19C28FACFE9D520D11CA2CBB /* Products */,
			);
			name = "Little Go";
			sourceTree = "<group>";
		};
		29B97323FDCFA39411CA2CEA /* Frameworks */ = {
			isa = PBXGroup;
			children = (
				1DF5F4DF0D08C38300B7A737 /* UIKit.framework */,
				1D30AB110D05D00D00671497 /* Foundation.framework */,
				288765070DF74369002DB57D /* CoreGraphics.framework */,
			);
			name = Frameworks;
			sourceTree = "<group>";
		};
		CD4A83BC12F5BFBB007E1A67 /* 3rdparty */ = {
			isa = PBXGroup;
			children = (
			);
			name = 3rdparty;
			sourceTree = "<group>";
		};
		CDEC282B12F477360069F5B7 /* src */ = {
			isa = PBXGroup;
			children = (
				CDEC282C12F477360069F5B7 /* FirstViewController.h */,
				CDEC282D12F477360069F5B7 /* FirstViewController.mm */,
				CDEC282E12F477360069F5B7 /* Little_Go_Prefix.pch */,
				CDEC282F12F477360069F5B7 /* Little_GoAppDelegate.h */,
				CDEC283012F477360069F5B7 /* Little_GoAppDelegate.m */,
				CDEC283112F477360069F5B7 /* main.m */,
			);
			path = src;
			sourceTree = "<group>";
		};
		CDEC287B12F477E70069F5B7 /* doc */ = {
			isa = PBXGroup;
			children = (
				CDEC287C12F477E70069F5B7 /* ChangeLog */,
				CDEC287D12F477E70069F5B7 /* INSTALL */,
				CDEC287F12F477E70069F5B7 /* MANUAL */,
				CDEC288012F477E70069F5B7 /* README */,
				CDEC288112F477E70069F5B7 /* README.developer */,
				CDEC288212F477E70069F5B7 /* ReleaseSteps */,
				CDEC288312F477E70069F5B7 /* Research */,
				CDEC288412F477E70069F5B7 /* Roadmap */,
				CDEC288512F477E70069F5B7 /* TODO */,
			);
			path = doc;
			sourceTree = "<group>";
		};
		CDEC28A612F4A2BB0069F5B7 /* resource */ = {
			isa = PBXGroup;
			children = (
				CDEC28AD12F4A3500069F5B7 /* Little_Go-Info.plist */,
				CDEC28A712F4A2BB0069F5B7 /* FirstView.xib */,
				CDEC28A812F4A2BB0069F5B7 /* MainWindow.xib */,
				CDEC28A912F4A2BB0069F5B7 /* SecondView.xib */,
			);
			path = resource;
			sourceTree = "<group>";
		};
		CDEC28B112F55F270069F5B7 /* script */ = {
			isa = PBXGroup;
			children = (
				CDE3F58F13117EFE00EC16CC /* build-env.sh */,
				CDE3F58E13117E3100EC16CC /* build-software.sh */,
				CDE3F584131147D800EC16CC /* build-boost.sh */,
				CDE3F585131147D800EC16CC /* build-fuego.sh */,
				CDEC28B212F55F270069F5B7 /* get-and-build-3rdparty-software.sh */,
			);
			path = script;
			sourceTree = "<group>";
		};
/* End PBXGroup section */

/* Begin PBXNativeTarget section */
		1D6058900D05DD3D006BFB54 /* Little Go */ = {
			isa = PBXNativeTarget;
			buildConfigurationList = 1D6058960D05DD3E006BFB54 /* Build configuration list for PBXNativeTarget "Little Go" */;
			buildPhases = (
				1D60588D0D05DD3D006BFB54 /* Resources */,
				1D60588E0D05DD3D006BFB54 /* Sources */,
				1D60588F0D05DD3D006BFB54 /* Frameworks */,
			);
			buildRules = (
			);
			dependencies = (
			);
			name = "Little Go";
			productName = "Little Go";
			productReference = 1D6058910D05DD3D006BFB54 /* Little Go.app */;
			productType = "com.apple.product-type.application";
		};
/* End PBXNativeTarget section */

/* Begin PBXProject section */
		29B97313FDCFA39411CA2CEA /* Project object */ = {
			isa = PBXProject;
			buildConfigurationList = C01FCF4E08A954540054247B /* Build configuration list for PBXProject "Little Go" */;
			compatibilityVersion = "Xcode 3.1";
			developmentRegion = English;
			hasScannedForEncodings = 1;
			knownRegions = (
				English,
				Japanese,
				French,
				German,
			);
			mainGroup = 29B97314FDCFA39411CA2CEA /* Little Go */;
			projectDirPath = "";
			projectRoot = "";
			targets = (
				1D6058900D05DD3D006BFB54 /* Little Go */,
			);
		};
/* End PBXProject section */

/* Begin PBXResourcesBuildPhase section */
		1D60588D0D05DD3D006BFB54 /* Resources */ = {
			isa = PBXResourcesBuildPhase;
			buildActionMask = 2147483647;
			files = (
				CDEC28AA12F4A2BB0069F5B7 /* FirstView.xib in Resources */,
				CDEC28AB12F4A2BB0069F5B7 /* MainWindow.xib in Resources */,
				CDEC28AC12F4A2BB0069F5B7 /* SecondView.xib in Resources */,
			);
			runOnlyForDeploymentPostprocessing = 0;
		};
/* End PBXResourcesBuildPhase section */

/* Begin PBXSourcesBuildPhase section */
		1D60588E0D05DD3D006BFB54 /* Sources */ = {
			isa = PBXSourcesBuildPhase;
			buildActionMask = 2147483647;
			files = (
				CDEC283212F477360069F5B7 /* FirstViewController.mm in Sources */,
				CDEC283312F477360069F5B7 /* Little_GoAppDelegate.m in Sources */,
				CDEC283412F477360069F5B7 /* main.m in Sources */,
			);
			runOnlyForDeploymentPostprocessing = 0;
		};
/* End PBXSourcesBuildPhase section */

/* Begin XCBuildConfiguration section */
		1D6058940D05DD3E006BFB54 /* Debug */ = {
			isa = XCBuildConfiguration;
			buildSettings = {
				ALWAYS_SEARCH_USER_PATHS = NO;
				COPY_PHASE_STRIP = NO;
				GCC_DYNAMIC_NO_PIC = NO;
				GCC_OPTIMIZATION_LEVEL = 0;
				GCC_PRECOMPILE_PREFIX_HEADER = YES;
				GCC_PREFIX_HEADER = src/Little_Go_Prefix.pch;
				GCC_PREPROCESSOR_DEFINITIONS = NDEBUG;
				HEADER_SEARCH_PATHS = "./3rdparty/install$(SDKROOT)/include";
				INFOPLIST_FILE = "resource/Little_Go-Info.plist";
				LIBRARY_SEARCH_PATHS = "./3rdparty/install$(SDKROOT)/lib";
				OTHER_LDFLAGS = (
					"-lfuego",
					"-lboost_system",
					"-lboost_thread",
					"-lboost_filesystem",
					"-lboost_program_options",
				);
				PRODUCT_NAME = "Little Go";
			};
			name = Debug;
		};
		1D6058950D05DD3E006BFB54 /* Release */ = {
			isa = XCBuildConfiguration;
			buildSettings = {
				ALWAYS_SEARCH_USER_PATHS = NO;
				COPY_PHASE_STRIP = YES;
				GCC_PRECOMPILE_PREFIX_HEADER = YES;
				GCC_PREFIX_HEADER = src/Little_Go_Prefix.pch;
				GCC_PREPROCESSOR_DEFINITIONS = NDEBUG;
				HEADER_SEARCH_PATHS = "./3rdparty/install$(SDKROOT)/include";
				INFOPLIST_FILE = "resource/Little_Go-Info.plist";
				LIBRARY_SEARCH_PATHS = "./3rdparty/install$(SDKROOT)/lib";
				OTHER_LDFLAGS = (
					"-lfuego",
					"-lboost_system",
					"-lboost_thread",
					"-lboost_filesystem",
					"-lboost_program_options",
				);
				PRODUCT_NAME = "Little Go";
				VALIDATE_PRODUCT = YES;
			};
			name = Release;
		};
		C01FCF4F08A954540054247B /* Debug */ = {
			isa = XCBuildConfiguration;
			buildSettings = {
				ARCHS = "$(ARCHS_STANDARD_32_BIT)";
				"CODE_SIGN_IDENTITY[sdk=iphoneos*]" = "iPhone Developer";
				GCC_C_LANGUAGE_STANDARD = c99;
				GCC_WARN_ABOUT_RETURN_TYPE = YES;
				GCC_WARN_UNUSED_VARIABLE = YES;
				PREBINDING = NO;
				SDKROOT = iphoneos;
			};
			name = Debug;
		};
		C01FCF5008A954540054247B /* Release */ = {
			isa = XCBuildConfiguration;
			buildSettings = {
				ARCHS = "$(ARCHS_STANDARD_32_BIT)";
				"CODE_SIGN_IDENTITY[sdk=iphoneos*]" = "iPhone Developer";
				GCC_C_LANGUAGE_STANDARD = c99;
				GCC_WARN_ABOUT_RETURN_TYPE = YES;
				GCC_WARN_UNUSED_VARIABLE = YES;
				OTHER_CFLAGS = "-DNS_BLOCK_ASSERTIONS=1";
				PREBINDING = NO;
				SDKROOT = iphoneos;
			};
			name = Release;
		};
/* End XCBuildConfiguration section */

/* Begin XCConfigurationList section */
		1D6058960D05DD3E006BFB54 /* Build configuration list for PBXNativeTarget "Little Go" */ = {
			isa = XCConfigurationList;
			buildConfigurations = (
				1D6058940D05DD3E006BFB54 /* Debug */,
				1D6058950D05DD3E006BFB54 /* Release */,
			);
			defaultConfigurationIsVisible = 0;
			defaultConfigurationName = Release;
		};
		C01FCF4E08A954540054247B /* Build configuration list for PBXProject "Little Go" */ = {
			isa = XCConfigurationList;
			buildConfigurations = (
				C01FCF4F08A954540054247B /* Debug */,
				C01FCF5008A954540054247B /* Release */,
			);
			defaultConfigurationIsVisible = 0;
			defaultConfigurationName = Release;
		};
/* End XCConfigurationList section */
	};
	rootObject = 29B97313FDCFA39411CA2CEA /* Project object */;
}
